// !$*UTF8*$!
{
	archiveVersion = 1;
	classes = {
	};
	objectVersion = 46;
	objects = {

/* Begin PBXBuildFile section */
		C42363AF155B2A7000F2B4F7 /* OXLongPollTransport.m in Sources */ = {isa = PBXBuildFile; fileRef = C42363AE155B2A7000F2B4F7 /* OXLongPollTransport.m */; };
		C42363B1155C5D7000F2B4F7 /* QuartzCore.framework in Frameworks */ = {isa = PBXBuildFile; fileRef = C42363B0155C5D7000F2B4F7 /* QuartzCore.framework */; };
		C427F88915533C1800439272 /* OXMessage.m in Sources */ = {isa = PBXBuildFile; fileRef = C427F88815533C1800439272 /* OXMessage.m */; };
		C42FC2291552150700037E07 /* OXChannel.m in Sources */ = {isa = PBXBuildFile; fileRef = C42FC2251552150700037E07 /* OXChannel.m */; };
		C42FC22A1552150700037E07 /* Oxidizer.m in Sources */ = {isa = PBXBuildFile; fileRef = C42FC2281552150700037E07 /* Oxidizer.m */; };
		C42FC23015521DD100037E07 /* CHANGELOG.md in Resources */ = {isa = PBXBuildFile; fileRef = C42FC22C15521DD100037E07 /* CHANGELOG.md */; };
		C42FC23115521DD100037E07 /* JSONKit.m in Sources */ = {isa = PBXBuildFile; fileRef = C42FC22E15521DD100037E07 /* JSONKit.m */; };
		C42FC23215521DD100037E07 /* README.md in Resources */ = {isa = PBXBuildFile; fileRef = C42FC22F15521DD100037E07 /* README.md */; };
		C42FC240155280F300037E07 /* OBTestController.m in Sources */ = {isa = PBXBuildFile; fileRef = C42FC23F155280F300037E07 /* OBTestController.m */; };
		C475E7FF1551EC520094E27E /* UIKit.framework in Frameworks */ = {isa = PBXBuildFile; fileRef = C475E7FE1551EC520094E27E /* UIKit.framework */; };
		C475E8011551EC520094E27E /* Foundation.framework in Frameworks */ = {isa = PBXBuildFile; fileRef = C475E8001551EC520094E27E /* Foundation.framework */; };
		C475E8031551EC520094E27E /* CoreGraphics.framework in Frameworks */ = {isa = PBXBuildFile; fileRef = C475E8021551EC520094E27E /* CoreGraphics.framework */; };
		C475E8091551EC520094E27E /* InfoPlist.strings in Resources */ = {isa = PBXBuildFile; fileRef = C475E8071551EC520094E27E /* InfoPlist.strings */; };
		C475E80B1551EC520094E27E /* main.m in Sources */ = {isa = PBXBuildFile; fileRef = C475E80A1551EC520094E27E /* main.m */; };
		C475E80F1551EC530094E27E /* OBAppDelegate.m in Sources */ = {isa = PBXBuildFile; fileRef = C475E80E1551EC530094E27E /* OBAppDelegate.m */; };
		C475E82B1551ED630094E27E /* AFHTTPClient.m in Sources */ = {isa = PBXBuildFile; fileRef = C475E8171551ED630094E27E /* AFHTTPClient.m */; };
		C475E82C1551ED630094E27E /* AFHTTPRequestOperation.m in Sources */ = {isa = PBXBuildFile; fileRef = C475E8191551ED630094E27E /* AFHTTPRequestOperation.m */; };
		C475E82D1551ED630094E27E /* AFImageRequestOperation.m in Sources */ = {isa = PBXBuildFile; fileRef = C475E81B1551ED630094E27E /* AFImageRequestOperation.m */; };
		C475E82E1551ED630094E27E /* AFJSONRequestOperation.m in Sources */ = {isa = PBXBuildFile; fileRef = C475E81D1551ED630094E27E /* AFJSONRequestOperation.m */; };
		C475E82F1551ED630094E27E /* AFJSONUtilities.m in Sources */ = {isa = PBXBuildFile; fileRef = C475E81F1551ED630094E27E /* AFJSONUtilities.m */; };
		C475E8301551ED630094E27E /* AFNetworkActivityIndicatorManager.m in Sources */ = {isa = PBXBuildFile; fileRef = C475E8211551ED630094E27E /* AFNetworkActivityIndicatorManager.m */; };
		C475E8311551ED630094E27E /* AFPropertyListRequestOperation.m in Sources */ = {isa = PBXBuildFile; fileRef = C475E8241551ED630094E27E /* AFPropertyListRequestOperation.m */; };
		C475E8321551ED630094E27E /* AFURLConnectionOperation.m in Sources */ = {isa = PBXBuildFile; fileRef = C475E8261551ED630094E27E /* AFURLConnectionOperation.m */; };
		C475E8331551ED630094E27E /* AFXMLRequestOperation.m in Sources */ = {isa = PBXBuildFile; fileRef = C475E8281551ED630094E27E /* AFXMLRequestOperation.m */; };
		C475E8341551ED630094E27E /* UIImageView+AFNetworking.m in Sources */ = {isa = PBXBuildFile; fileRef = C475E82A1551ED630094E27E /* UIImageView+AFNetworking.m */; };
/* End PBXBuildFile section */

/* Begin PBXFileReference section */
		C42363AB155B289D00F2B4F7 /* OXTransport.h */ = {isa = PBXFileReference; lastKnownFileType = sourcecode.c.h; path = OXTransport.h; sourceTree = "<group>"; };
		C42363AD155B2A6F00F2B4F7 /* OXLongPollTransport.h */ = {isa = PBXFileReference; fileEncoding = 4; lastKnownFileType = sourcecode.c.h; path = OXLongPollTransport.h; sourceTree = "<group>"; };
		C42363AE155B2A7000F2B4F7 /* OXLongPollTransport.m */ = {isa = PBXFileReference; fileEncoding = 4; lastKnownFileType = sourcecode.c.objc; path = OXLongPollTransport.m; sourceTree = "<group>"; };
		C42363B0155C5D7000F2B4F7 /* QuartzCore.framework */ = {isa = PBXFileReference; lastKnownFileType = wrapper.framework; name = QuartzCore.framework; path = System/Library/Frameworks/QuartzCore.framework; sourceTree = SDKROOT; };
		C427F88715533C1800439272 /* OXMessage.h */ = {isa = PBXFileReference; fileEncoding = 4; lastKnownFileType = sourcecode.c.h; path = OXMessage.h; sourceTree = "<group>"; };
		C427F88815533C1800439272 /* OXMessage.m */ = {isa = PBXFileReference; fileEncoding = 4; lastKnownFileType = sourcecode.c.objc; path = OXMessage.m; sourceTree = "<group>"; };
		C42FC2241552150700037E07 /* OXChannel.h */ = {isa = PBXFileReference; fileEncoding = 4; lastKnownFileType = sourcecode.c.h; path = OXChannel.h; sourceTree = "<group>"; };
		C42FC2251552150700037E07 /* OXChannel.m */ = {isa = PBXFileReference; fileEncoding = 4; lastKnownFileType = sourcecode.c.objc; path = OXChannel.m; sourceTree = "<group>"; };
		C42FC2261552150700037E07 /* Oxidizer-Prefix.pch */ = {isa = PBXFileReference; fileEncoding = 4; lastKnownFileType = sourcecode.c.h; path = "Oxidizer-Prefix.pch"; sourceTree = "<group>"; };
		C42FC2271552150700037E07 /* Oxidizer.h */ = {isa = PBXFileReference; fileEncoding = 4; lastKnownFileType = sourcecode.c.h; path = Oxidizer.h; sourceTree = "<group>"; };
		C42FC2281552150700037E07 /* Oxidizer.m */ = {isa = PBXFileReference; fileEncoding = 4; lastKnownFileType = sourcecode.c.objc; path = Oxidizer.m; sourceTree = "<group>"; };
		C42FC22C15521DD100037E07 /* CHANGELOG.md */ = {isa = PBXFileReference; fileEncoding = 4; lastKnownFileType = text; path = CHANGELOG.md; sourceTree = "<group>"; };
		C42FC22D15521DD100037E07 /* JSONKit.h */ = {isa = PBXFileReference; fileEncoding = 4; lastKnownFileType = sourcecode.c.h; path = JSONKit.h; sourceTree = "<group>"; };
		C42FC22E15521DD100037E07 /* JSONKit.m */ = {isa = PBXFileReference; fileEncoding = 4; lastKnownFileType = sourcecode.c.objc; path = JSONKit.m; sourceTree = "<group>"; };
		C42FC22F15521DD100037E07 /* README.md */ = {isa = PBXFileReference; fileEncoding = 4; lastKnownFileType = text; path = README.md; sourceTree = "<group>"; };
		C42FC23E155280F300037E07 /* OBTestController.h */ = {isa = PBXFileReference; fileEncoding = 4; lastKnownFileType = sourcecode.c.h; path = OBTestController.h; sourceTree = "<group>"; };
		C42FC23F155280F300037E07 /* OBTestController.m */ = {isa = PBXFileReference; fileEncoding = 4; lastKnownFileType = sourcecode.c.objc; path = OBTestController.m; sourceTree = "<group>"; };
		C475E7FA1551EC520094E27E /* OxidizerBenchmark.app */ = {isa = PBXFileReference; explicitFileType = wrapper.application; includeInIndex = 0; path = OxidizerBenchmark.app; sourceTree = BUILT_PRODUCTS_DIR; };
		C475E7FE1551EC520094E27E /* UIKit.framework */ = {isa = PBXFileReference; lastKnownFileType = wrapper.framework; name = UIKit.framework; path = System/Library/Frameworks/UIKit.framework; sourceTree = SDKROOT; };
		C475E8001551EC520094E27E /* Foundation.framework */ = {isa = PBXFileReference; lastKnownFileType = wrapper.framework; name = Foundation.framework; path = System/Library/Frameworks/Foundation.framework; sourceTree = SDKROOT; };
		C475E8021551EC520094E27E /* CoreGraphics.framework */ = {isa = PBXFileReference; lastKnownFileType = wrapper.framework; name = CoreGraphics.framework; path = System/Library/Frameworks/CoreGraphics.framework; sourceTree = SDKROOT; };
		C475E8061551EC520094E27E /* OxidizerBenchmark-Info.plist */ = {isa = PBXFileReference; lastKnownFileType = text.plist.xml; path = "OxidizerBenchmark-Info.plist"; sourceTree = "<group>"; };
		C475E8081551EC520094E27E /* en */ = {isa = PBXFileReference; lastKnownFileType = text.plist.strings; name = en; path = en.lproj/InfoPlist.strings; sourceTree = "<group>"; };
		C475E80A1551EC520094E27E /* main.m */ = {isa = PBXFileReference; lastKnownFileType = sourcecode.c.objc; path = main.m; sourceTree = "<group>"; };
		C475E80C1551EC520094E27E /* OxidizerBenchmark-Prefix.pch */ = {isa = PBXFileReference; lastKnownFileType = sourcecode.c.h; path = "OxidizerBenchmark-Prefix.pch"; sourceTree = "<group>"; };
		C475E80D1551EC520094E27E /* OBAppDelegate.h */ = {isa = PBXFileReference; lastKnownFileType = sourcecode.c.h; path = OBAppDelegate.h; sourceTree = "<group>"; };
		C475E80E1551EC530094E27E /* OBAppDelegate.m */ = {isa = PBXFileReference; lastKnownFileType = sourcecode.c.objc; path = OBAppDelegate.m; sourceTree = "<group>"; };
		C475E8161551ED630094E27E /* AFHTTPClient.h */ = {isa = PBXFileReference; fileEncoding = 4; lastKnownFileType = sourcecode.c.h; path = AFHTTPClient.h; sourceTree = "<group>"; };
		C475E8171551ED630094E27E /* AFHTTPClient.m */ = {isa = PBXFileReference; fileEncoding = 4; lastKnownFileType = sourcecode.c.objc; path = AFHTTPClient.m; sourceTree = "<group>"; };
		C475E8181551ED630094E27E /* AFHTTPRequestOperation.h */ = {isa = PBXFileReference; fileEncoding = 4; lastKnownFileType = sourcecode.c.h; path = AFHTTPRequestOperation.h; sourceTree = "<group>"; };
		C475E8191551ED630094E27E /* AFHTTPRequestOperation.m */ = {isa = PBXFileReference; fileEncoding = 4; lastKnownFileType = sourcecode.c.objc; path = AFHTTPRequestOperation.m; sourceTree = "<group>"; };
		C475E81A1551ED630094E27E /* AFImageRequestOperation.h */ = {isa = PBXFileReference; fileEncoding = 4; lastKnownFileType = sourcecode.c.h; path = AFImageRequestOperation.h; sourceTree = "<group>"; };
		C475E81B1551ED630094E27E /* AFImageRequestOperation.m */ = {isa = PBXFileReference; fileEncoding = 4; lastKnownFileType = sourcecode.c.objc; path = AFImageRequestOperation.m; sourceTree = "<group>"; };
		C475E81C1551ED630094E27E /* AFJSONRequestOperation.h */ = {isa = PBXFileReference; fileEncoding = 4; lastKnownFileType = sourcecode.c.h; path = AFJSONRequestOperation.h; sourceTree = "<group>"; };
		C475E81D1551ED630094E27E /* AFJSONRequestOperation.m */ = {isa = PBXFileReference; fileEncoding = 4; lastKnownFileType = sourcecode.c.objc; path = AFJSONRequestOperation.m; sourceTree = "<group>"; };
		C475E81E1551ED630094E27E /* AFJSONUtilities.h */ = {isa = PBXFileReference; fileEncoding = 4; lastKnownFileType = sourcecode.c.h; path = AFJSONUtilities.h; sourceTree = "<group>"; };
		C475E81F1551ED630094E27E /* AFJSONUtilities.m */ = {isa = PBXFileReference; fileEncoding = 4; lastKnownFileType = sourcecode.c.objc; path = AFJSONUtilities.m; sourceTree = "<group>"; };
		C475E8201551ED630094E27E /* AFNetworkActivityIndicatorManager.h */ = {isa = PBXFileReference; fileEncoding = 4; lastKnownFileType = sourcecode.c.h; path = AFNetworkActivityIndicatorManager.h; sourceTree = "<group>"; };
		C475E8211551ED630094E27E /* AFNetworkActivityIndicatorManager.m */ = {isa = PBXFileReference; fileEncoding = 4; lastKnownFileType = sourcecode.c.objc; path = AFNetworkActivityIndicatorManager.m; sourceTree = "<group>"; };
		C475E8221551ED630094E27E /* AFNetworking.h */ = {isa = PBXFileReference; fileEncoding = 4; lastKnownFileType = sourcecode.c.h; path = AFNetworking.h; sourceTree = "<group>"; };
		C475E8231551ED630094E27E /* AFPropertyListRequestOperation.h */ = {isa = PBXFileReference; fileEncoding = 4; lastKnownFileType = sourcecode.c.h; path = AFPropertyListRequestOperation.h; sourceTree = "<group>"; };
		C475E8241551ED630094E27E /* AFPropertyListRequestOperation.m */ = {isa = PBXFileReference; fileEncoding = 4; lastKnownFileType = sourcecode.c.objc; path = AFPropertyListRequestOperation.m; sourceTree = "<group>"; };
		C475E8251551ED630094E27E /* AFURLConnectionOperation.h */ = {isa = PBXFileReference; fileEncoding = 4; lastKnownFileType = sourcecode.c.h; path = AFURLConnectionOperation.h; sourceTree = "<group>"; };
		C475E8261551ED630094E27E /* AFURLConnectionOperation.m */ = {isa = PBXFileReference; fileEncoding = 4; lastKnownFileType = sourcecode.c.objc; path = AFURLConnectionOperation.m; sourceTree = "<group>"; };
		C475E8271551ED630094E27E /* AFXMLRequestOperation.h */ = {isa = PBXFileReference; fileEncoding = 4; lastKnownFileType = sourcecode.c.h; path = AFXMLRequestOperation.h; sourceTree = "<group>"; };
		C475E8281551ED630094E27E /* AFXMLRequestOperation.m */ = {isa = PBXFileReference; fileEncoding = 4; lastKnownFileType = sourcecode.c.objc; path = AFXMLRequestOperation.m; sourceTree = "<group>"; };
		C475E8291551ED630094E27E /* UIImageView+AFNetworking.h */ = {isa = PBXFileReference; fileEncoding = 4; lastKnownFileType = sourcecode.c.h; path = "UIImageView+AFNetworking.h"; sourceTree = "<group>"; };
		C475E82A1551ED630094E27E /* UIImageView+AFNetworking.m */ = {isa = PBXFileReference; fileEncoding = 4; lastKnownFileType = sourcecode.c.objc; path = "UIImageView+AFNetworking.m"; sourceTree = "<group>"; };
/* End PBXFileReference section */

/* Begin PBXFrameworksBuildPhase section */
		C475E7F71551EC520094E27E /* Frameworks */ = {
			isa = PBXFrameworksBuildPhase;
			buildActionMask = 2147483647;
			files = (
				C42363B1155C5D7000F2B4F7 /* QuartzCore.framework in Frameworks */,
				C475E7FF1551EC520094E27E /* UIKit.framework in Frameworks */,
				C475E8011551EC520094E27E /* Foundation.framework in Frameworks */,
				C475E8031551EC520094E27E /* CoreGraphics.framework in Frameworks */,
			);
			runOnlyForDeploymentPostprocessing = 0;
		};
/* End PBXFrameworksBuildPhase section */

/* Begin PBXGroup section */
		C42FC2231552150700037E07 /* Oxidizer */ = {
			isa = PBXGroup;
			children = (
				C42FC2241552150700037E07 /* OXChannel.h */,
				C42FC2251552150700037E07 /* OXChannel.m */,
				C42FC2261552150700037E07 /* Oxidizer-Prefix.pch */,
				C42FC2271552150700037E07 /* Oxidizer.h */,
				C42FC2281552150700037E07 /* Oxidizer.m */,
				C427F88715533C1800439272 /* OXMessage.h */,
				C427F88815533C1800439272 /* OXMessage.m */,
				C42363AB155B289D00F2B4F7 /* OXTransport.h */,
				C42363AD155B2A6F00F2B4F7 /* OXLongPollTransport.h */,
				C42363AE155B2A7000F2B4F7 /* OXLongPollTransport.m */,
			);
			name = Oxidizer;
			path = oxidizer/Oxidizer;
			sourceTree = SOURCE_ROOT;
		};
		C42FC22B15521DD100037E07 /* JSONKit */ = {
			isa = PBXGroup;
			children = (
				C42FC22C15521DD100037E07 /* CHANGELOG.md */,
				C42FC22D15521DD100037E07 /* JSONKit.h */,
				C42FC22E15521DD100037E07 /* JSONKit.m */,
				C42FC22F15521DD100037E07 /* README.md */,
			);
			path = JSONKit;
			sourceTree = SOURCE_ROOT;
		};
		C42FC23D15527F8100037E07 /* UI */ = {
			isa = PBXGroup;
			children = (
				C42FC23E155280F300037E07 /* OBTestController.h */,
				C42FC23F155280F300037E07 /* OBTestController.m */,
			);
			name = UI;
			sourceTree = "<group>";
		};
		C475E7EF1551EC520094E27E = {
			isa = PBXGroup;
			children = (
				C42363B0155C5D7000F2B4F7 /* QuartzCore.framework */,
				C475E8041551EC520094E27E /* OxidizerBenchmark */,
				C475E7FD1551EC520094E27E /* Frameworks */,
				C475E7FB1551EC520094E27E /* Products */,
			);
			sourceTree = "<group>";
		};
		C475E7FB1551EC520094E27E /* Products */ = {
			isa = PBXGroup;
			children = (
				C475E7FA1551EC520094E27E /* OxidizerBenchmark.app */,
			);
			name = Products;
			sourceTree = "<group>";
		};
		C475E7FD1551EC520094E27E /* Frameworks */ = {
			isa = PBXGroup;
			children = (
				C475E7FE1551EC520094E27E /* UIKit.framework */,
				C475E8001551EC520094E27E /* Foundation.framework */,
				C475E8021551EC520094E27E /* CoreGraphics.framework */,
			);
			name = Frameworks;
			sourceTree = "<group>";
		};
		C475E8041551EC520094E27E /* OxidizerBenchmark */ = {
			isa = PBXGroup;
			children = (
				C475E80D1551EC520094E27E /* OBAppDelegate.h */,
				C475E80E1551EC530094E27E /* OBAppDelegate.m */,
				C42FC23D15527F8100037E07 /* UI */,
				C42FC22B15521DD100037E07 /* JSONKit */,
				C42FC2231552150700037E07 /* Oxidizer */,
				C475E8151551ED630094E27E /* AFNetworking */,
				C475E8051551EC520094E27E /* Supporting Files */,
			);
			path = OxidizerBenchmark;
			sourceTree = "<group>";
		};
		C475E8051551EC520094E27E /* Supporting Files */ = {
			isa = PBXGroup;
			children = (
				C475E8061551EC520094E27E /* OxidizerBenchmark-Info.plist */,
				C475E8071551EC520094E27E /* InfoPlist.strings */,
				C475E80A1551EC520094E27E /* main.m */,
				C475E80C1551EC520094E27E /* OxidizerBenchmark-Prefix.pch */,
			);
			name = "Supporting Files";
			sourceTree = "<group>";
		};
		C475E8151551ED630094E27E /* AFNetworking */ = {
			isa = PBXGroup;
			children = (
				C475E8161551ED630094E27E /* AFHTTPClient.h */,
				C475E8171551ED630094E27E /* AFHTTPClient.m */,
				C475E8181551ED630094E27E /* AFHTTPRequestOperation.h */,
				C475E8191551ED630094E27E /* AFHTTPRequestOperation.m */,
				C475E81A1551ED630094E27E /* AFImageRequestOperation.h */,
				C475E81B1551ED630094E27E /* AFImageRequestOperation.m */,
				C475E81C1551ED630094E27E /* AFJSONRequestOperation.h */,
				C475E81D1551ED630094E27E /* AFJSONRequestOperation.m */,
				C475E81E1551ED630094E27E /* AFJSONUtilities.h */,
				C475E81F1551ED630094E27E /* AFJSONUtilities.m */,
				C475E8201551ED630094E27E /* AFNetworkActivityIndicatorManager.h */,
				C475E8211551ED630094E27E /* AFNetworkActivityIndicatorManager.m */,
				C475E8221551ED630094E27E /* AFNetworking.h */,
				C475E8231551ED630094E27E /* AFPropertyListRequestOperation.h */,
				C475E8241551ED630094E27E /* AFPropertyListRequestOperation.m */,
				C475E8251551ED630094E27E /* AFURLConnectionOperation.h */,
				C475E8261551ED630094E27E /* AFURLConnectionOperation.m */,
				C475E8271551ED630094E27E /* AFXMLRequestOperation.h */,
				C475E8281551ED630094E27E /* AFXMLRequestOperation.m */,
				C475E8291551ED630094E27E /* UIImageView+AFNetworking.h */,
				C475E82A1551ED630094E27E /* UIImageView+AFNetworking.m */,
			);
			name = AFNetworking;
			path = AFNetworking/AFNetworking;
			sourceTree = SOURCE_ROOT;
		};
/* End PBXGroup section */

/* Begin PBXNativeTarget section */
		C475E7F91551EC520094E27E /* OxidizerBenchmark */ = {
			isa = PBXNativeTarget;
			buildConfigurationList = C475E8121551EC530094E27E /* Build configuration list for PBXNativeTarget "OxidizerBenchmark" */;
			buildPhases = (
				C475E7F61551EC520094E27E /* Sources */,
				C475E7F71551EC520094E27E /* Frameworks */,
				C475E7F81551EC520094E27E /* Resources */,
			);
			buildRules = (
			);
			dependencies = (
			);
			name = OxidizerBenchmark;
			productName = OxidizerBenchmark;
			productReference = C475E7FA1551EC520094E27E /* OxidizerBenchmark.app */;
			productType = "com.apple.product-type.application";
		};
/* End PBXNativeTarget section */

/* Begin PBXProject section */
		C475E7F11551EC520094E27E /* Project object */ = {
			isa = PBXProject;
			attributes = {
				CLASSPREFIX = OB;
				LastUpgradeCheck = 0430;
			};
			buildConfigurationList = C475E7F41551EC520094E27E /* Build configuration list for PBXProject "OxidizerBenchmark" */;
			compatibilityVersion = "Xcode 3.2";
			developmentRegion = English;
			hasScannedForEncodings = 0;
			knownRegions = (
				en,
			);
			mainGroup = C475E7EF1551EC520094E27E;
			productRefGroup = C475E7FB1551EC520094E27E /* Products */;
			projectDirPath = "";
			projectRoot = "";
			targets = (
				C475E7F91551EC520094E27E /* OxidizerBenchmark */,
			);
		};
/* End PBXProject section */

/* Begin PBXResourcesBuildPhase section */
		C475E7F81551EC520094E27E /* Resources */ = {
			isa = PBXResourcesBuildPhase;
			buildActionMask = 2147483647;
			files = (
				C475E8091551EC520094E27E /* InfoPlist.strings in Resources */,
				C42FC23015521DD100037E07 /* CHANGELOG.md in Resources */,
				C42FC23215521DD100037E07 /* README.md in Resources */,
			);
			runOnlyForDeploymentPostprocessing = 0;
		};
/* End PBXResourcesBuildPhase section */

/* Begin PBXSourcesBuildPhase section */
		C475E7F61551EC520094E27E /* Sources */ = {
			isa = PBXSourcesBuildPhase;
			buildActionMask = 2147483647;
			files = (
				C475E80B1551EC520094E27E /* main.m in Sources */,
				C475E80F1551EC530094E27E /* OBAppDelegate.m in Sources */,
				C475E82B1551ED630094E27E /* AFHTTPClient.m in Sources */,
				C475E82C1551ED630094E27E /* AFHTTPRequestOperation.m in Sources */,
				C475E82D1551ED630094E27E /* AFImageRequestOperation.m in Sources */,
				C475E82E1551ED630094E27E /* AFJSONRequestOperation.m in Sources */,
				C475E82F1551ED630094E27E /* AFJSONUtilities.m in Sources */,
				C475E8301551ED630094E27E /* AFNetworkActivityIndicatorManager.m in Sources */,
				C475E8311551ED630094E27E /* AFPropertyListRequestOperation.m in Sources */,
				C475E8321551ED630094E27E /* AFURLConnectionOperation.m in Sources */,
				C475E8331551ED630094E27E /* AFXMLRequestOperation.m in Sources */,
				C475E8341551ED630094E27E /* UIImageView+AFNetworking.m in Sources */,
				C42FC2291552150700037E07 /* OXChannel.m in Sources */,
				C42FC22A1552150700037E07 /* Oxidizer.m in Sources */,
				C42FC23115521DD100037E07 /* JSONKit.m in Sources */,
				C42FC240155280F300037E07 /* OBTestController.m in Sources */,
				C427F88915533C1800439272 /* OXMessage.m in Sources */,
				C42363AF155B2A7000F2B4F7 /* OXLongPollTransport.m in Sources */,
			);
			runOnlyForDeploymentPostprocessing = 0;
		};
/* End PBXSourcesBuildPhase section */

/* Begin PBXVariantGroup section */
		C475E8071551EC520094E27E /* InfoPlist.strings */ = {
			isa = PBXVariantGroup;
			children = (
				C475E8081551EC520094E27E /* en */,
			);
			name = InfoPlist.strings;
			sourceTree = "<group>";
		};
/* End PBXVariantGroup section */

/* Begin XCBuildConfiguration section */
		C475E8101551EC530094E27E /* Debug */ = {
			isa = XCBuildConfiguration;
			buildSettings = {
				ALWAYS_SEARCH_USER_PATHS = NO;
				ARCHS = "$(ARCHS_STANDARD_32_BIT)";
				"CODE_SIGN_IDENTITY[sdk=iphoneos*]" = "iPhone Developer";
				COPY_PHASE_STRIP = NO;
				GCC_C_LANGUAGE_STANDARD = gnu99;
				GCC_DYNAMIC_NO_PIC = NO;
				GCC_OPTIMIZATION_LEVEL = 0;
				GCC_PREPROCESSOR_DEFINITIONS = (
					"DEBUG=1",
					"$(inherited)",
				);
				GCC_SYMBOLS_PRIVATE_EXTERN = NO;
				GCC_VERSION = com.apple.compilers.llvm.clang.1_0;
				GCC_WARN_ABOUT_RETURN_TYPE = YES;
				GCC_WARN_UNINITIALIZED_AUTOS = YES;
				GCC_WARN_UNUSED_VARIABLE = YES;
				IPHONEOS_DEPLOYMENT_TARGET = 5.1;
				SDKROOT = iphoneos;
				TARGETED_DEVICE_FAMILY = "1,2";
			};
			name = Debug;
		};
		C475E8111551EC530094E27E /* Release */ = {
			isa = XCBuildConfiguration;
			buildSettings = {
				ALWAYS_SEARCH_USER_PATHS = NO;
				ARCHS = "$(ARCHS_STANDARD_32_BIT)";
				"CODE_SIGN_IDENTITY[sdk=iphoneos*]" = "iPhone Developer";
				COPY_PHASE_STRIP = YES;
				GCC_C_LANGUAGE_STANDARD = gnu99;
				GCC_VERSION = com.apple.compilers.llvm.clang.1_0;
				GCC_WARN_ABOUT_RETURN_TYPE = YES;
				GCC_WARN_UNINITIALIZED_AUTOS = YES;
				GCC_WARN_UNUSED_VARIABLE = YES;
				IPHONEOS_DEPLOYMENT_TARGET = 5.1;
				OTHER_CFLAGS = "-DNS_BLOCK_ASSERTIONS=1";
				SDKROOT = iphoneos;
				TARGETED_DEVICE_FAMILY = "1,2";
				VALIDATE_PRODUCT = YES;
			};
			name = Release;
		};
		C475E8131551EC530094E27E /* Debug */ = {
			isa = XCBuildConfiguration;
			buildSettings = {
				GCC_PRECOMPILE_PREFIX_HEADER = YES;
				GCC_PREFIX_HEADER = "OxidizerBenchmark/OxidizerBenchmark-Prefix.pch";
				INFOPLIST_FILE = "OxidizerBenchmark/OxidizerBenchmark-Info.plist";
				PRODUCT_NAME = "$(TARGET_NAME)";
				WRAPPER_EXTENSION = app;
			};
			name = Debug;
		};
		C475E8141551EC530094E27E /* Release */ = {
			isa = XCBuildConfiguration;
			buildSettings = {
				GCC_PRECOMPILE_PREFIX_HEADER = YES;
				GCC_PREFIX_HEADER = "OxidizerBenchmark/OxidizerBenchmark-Prefix.pch";
				INFOPLIST_FILE = "OxidizerBenchmark/OxidizerBenchmark-Info.plist";
				PRODUCT_NAME = "$(TARGET_NAME)";
				WRAPPER_EXTENSION = app;
			};
			name = Release;
		};
/* End XCBuildConfiguration section */

/* Begin XCConfigurationList section */
		C475E7F41551EC520094E27E /* Build configuration list for PBXProject "OxidizerBenchmark" */ = {
			isa = XCConfigurationList;
			buildConfigurations = (
				C475E8101551EC530094E27E /* Debug */,
				C475E8111551EC530094E27E /* Release */,
			);
			defaultConfigurationIsVisible = 0;
			defaultConfigurationName = Release;
		};
		C475E8121551EC530094E27E /* Build configuration list for PBXNativeTarget "OxidizerBenchmark" */ = {
			isa = XCConfigurationList;
			buildConfigurations = (
				C475E8131551EC530094E27E /* Debug */,
				C475E8141551EC530094E27E /* Release */,
			);
			defaultConfigurationIsVisible = 0;
			defaultConfigurationName = Release;
		};
/* End XCConfigurationList section */
	};
	rootObject = C475E7F11551EC520094E27E /* Project object */;
}
